<Solution>
  <Project Path="OscillatorGUI/OscillatorGUI.csproj" Id="379d9708-5b29-47c2-9090-2a6fa382bbb6" />
  <Project Path="OscillatorsLibrary/OscillatorsLibrary.csproj" />
  <Project Path="OscillatorsTest/OscillatorsTest.csproj" />
  <Project Path="Playground/Playground.csproj" Id="1b77c714-82d7-4bb7-be2e-ea08f7381186" />
</Solution>
